
Microsoft Visual Studio Solution File, Format Version 12.00
# Visual Studio Version 16
VisualStudioVersion = 16.0.31321.278
MinimumVisualStudioVersion = 10.0.40219.1
Project("{FAE04EC0-301F-11D3-BF4B-00C04F79EFBC}") = "AppMvc", "AppMvc\AppMvc.csproj", "{57E14EAD-41F8-42BF-9DCB-B07A3D15A77B}"
EndProject
Global
	GlobalSection(SolutionConfigurationPlatforms) = preSolution
		Debug|Any CPU = Debug|Any CPU
		Release|Any CPU = Release|Any CPU
	EndGlobalSection
	GlobalSection(ProjectConfigurationPlatforms) = postSolution
		{57E14EAD-41F8-42BF-9DCB-B07A3D15A77B}.Debug|Any CPU.ActiveCfg = Debug|Any CPU
		{57E14EAD-41F8-42BF-9DCB-B07A3D15A77B}.Debug|Any CPU.Build.0 = Debug|Any CPU
		{57E14EAD-41F8-42BF-9DCB-B07A3D15A77B}.Release|Any CPU.ActiveCfg = Release|Any CPU
		{57E14EAD-41F8-42BF-9DCB-B07A3D15A77B}.Release|Any CPU.Build.0 = Release|Any CPU
	EndGlobalSection
	GlobalSection(SolutionProperties) = preSolution
		HideSolutionNode = FALSE
	EndGlobalSection
	GlobalSection(ExtensibilityGlobals) = postSolution
		SolutionGuid = {D8664411-91C0-43D7-BD7E-0FDA11020CEF}
	EndGlobalSection
EndGlobal
